// !$*UTF8*$!
{
	archiveVersion = 1;
	classes = {
	};
	objectVersion = 48;
	objects = {

/* Begin PBXBuildFile section */
		1B72EFBE6F59C83588F1254A /* Pods_Wk1_Flix.framework in Frameworks */ = {isa = PBXBuildFile; fileRef = 2CE396370DC8518D90D8E12E /* Pods_Wk1_Flix.framework */; };
		4DFBA799D7BF5C13956E7EEB /* Pods_Wk1_FlixTests.framework in Frameworks */ = {isa = PBXBuildFile; fileRef = 251129A41D7EB9CC79E71019 /* Pods_Wk1_FlixTests.framework */; };
		9C7CCE6DC0C9766A44464E3A /* Pods_Wk1_FlixUITests.framework in Frameworks */ = {isa = PBXBuildFile; fileRef = 58CF1EA59955216F0BCA9E62 /* Pods_Wk1_FlixUITests.framework */; };
		F24CBD0B2032437700556D68 /* DetailViewController.swift in Sources */ = {isa = PBXBuildFile; fileRef = F24CBD0A2032437700556D68 /* DetailViewController.swift */; };
		F2CDA962202868E300966FE3 /* AppDelegate.swift in Sources */ = {isa = PBXBuildFile; fileRef = F2CDA961202868E300966FE3 /* AppDelegate.swift */; };
		F2CDA967202868E300966FE3 /* Main.storyboard in Resources */ = {isa = PBXBuildFile; fileRef = F2CDA965202868E300966FE3 /* Main.storyboard */; };
		F2CDA969202868E300966FE3 /* Assets.xcassets in Resources */ = {isa = PBXBuildFile; fileRef = F2CDA968202868E300966FE3 /* Assets.xcassets */; };
		F2CDA96C202868E300966FE3 /* LaunchScreen.storyboard in Resources */ = {isa = PBXBuildFile; fileRef = F2CDA96A202868E300966FE3 /* LaunchScreen.storyboard */; };
		F2CDA977202868E300966FE3 /* Wk1_FlixTests.swift in Sources */ = {isa = PBXBuildFile; fileRef = F2CDA976202868E300966FE3 /* Wk1_FlixTests.swift */; };
		F2CDA982202868E300966FE3 /* Wk1_FlixUITests.swift in Sources */ = {isa = PBXBuildFile; fileRef = F2CDA981202868E300966FE3 /* Wk1_FlixUITests.swift */; };
		F2CDA990202900C600966FE3 /* NowPlayingViewController.swift in Sources */ = {isa = PBXBuildFile; fileRef = F2CDA98F202900C600966FE3 /* NowPlayingViewController.swift */; };
		F2CDA99220290F4E00966FE3 /* MovieCell.swift in Sources */ = {isa = PBXBuildFile; fileRef = F2CDA99120290F4E00966FE3 /* MovieCell.swift */; };
		F2CDA994202937A500966FE3 /* PKHUD.framework in Frameworks */ = {isa = PBXBuildFile; fileRef = F2CDA993202937A400966FE3 /* PKHUD.framework */; };
/* End PBXBuildFile section */

/* Begin PBXContainerItemProxy section */
		F2CDA973202868E300966FE3 /* PBXContainerItemProxy */ = {
			isa = PBXContainerItemProxy;
			containerPortal = F2CDA956202868E300966FE3 /* Project object */;
			proxyType = 1;
			remoteGlobalIDString = F2CDA95D202868E300966FE3;
			remoteInfo = Wk1_Flix;
		};
		F2CDA97E202868E300966FE3 /* PBXContainerItemProxy */ = {
			isa = PBXContainerItemProxy;
			containerPortal = F2CDA956202868E300966FE3 /* Project object */;
			proxyType = 1;
			remoteGlobalIDString = F2CDA95D202868E300966FE3;
			remoteInfo = Wk1_Flix;
		};
/* End PBXContainerItemProxy section */

/* Begin PBXFileReference section */
		23FF49E23471653209A91080 /* Pods-Wk1_Flix.release.xcconfig */ = {isa = PBXFileReference; includeInIndex = 1; lastKnownFileType = text.xcconfig; name = "Pods-Wk1_Flix.release.xcconfig"; path = "Pods/Target Support Files/Pods-Wk1_Flix/Pods-Wk1_Flix.release.xcconfig"; sourceTree = "<group>"; };
		251129A41D7EB9CC79E71019 /* Pods_Wk1_FlixTests.framework */ = {isa = PBXFileReference; explicitFileType = wrapper.framework; includeInIndex = 0; path = Pods_Wk1_FlixTests.framework; sourceTree = BUILT_PRODUCTS_DIR; };
		2CE396370DC8518D90D8E12E /* Pods_Wk1_Flix.framework */ = {isa = PBXFileReference; explicitFileType = wrapper.framework; includeInIndex = 0; path = Pods_Wk1_Flix.framework; sourceTree = BUILT_PRODUCTS_DIR; };
		58CF1EA59955216F0BCA9E62 /* Pods_Wk1_FlixUITests.framework */ = {isa = PBXFileReference; explicitFileType = wrapper.framework; includeInIndex = 0; path = Pods_Wk1_FlixUITests.framework; sourceTree = BUILT_PRODUCTS_DIR; };
		592F73D44C42B05F42028F0F /* Pods-Wk1_Flix.debug.xcconfig */ = {isa = PBXFileReference; includeInIndex = 1; lastKnownFileType = text.xcconfig; name = "Pods-Wk1_Flix.debug.xcconfig"; path = "Pods/Target Support Files/Pods-Wk1_Flix/Pods-Wk1_Flix.debug.xcconfig"; sourceTree = "<group>"; };
		64F45B2C57210148CDCB473F /* Pods-Wk1_FlixTests.debug.xcconfig */ = {isa = PBXFileReference; includeInIndex = 1; lastKnownFileType = text.xcconfig; name = "Pods-Wk1_FlixTests.debug.xcconfig"; path = "Pods/Target Support Files/Pods-Wk1_FlixTests/Pods-Wk1_FlixTests.debug.xcconfig"; sourceTree = "<group>"; };
		95765A5B81E1FEA3B9A1BCA0 /* Pods-Wk1_FlixTests.release.xcconfig */ = {isa = PBXFileReference; includeInIndex = 1; lastKnownFileType = text.xcconfig; name = "Pods-Wk1_FlixTests.release.xcconfig"; path = "Pods/Target Support Files/Pods-Wk1_FlixTests/Pods-Wk1_FlixTests.release.xcconfig"; sourceTree = "<group>"; };
		9FF32B06466252365F702B29 /* Pods-Wk1_FlixUITests.debug.xcconfig */ = {isa = PBXFileReference; includeInIndex = 1; lastKnownFileType = text.xcconfig; name = "Pods-Wk1_FlixUITests.debug.xcconfig"; path = "Pods/Target Support Files/Pods-Wk1_FlixUITests/Pods-Wk1_FlixUITests.debug.xcconfig"; sourceTree = "<group>"; };
		BEA6CE1D51AE8C62CDCAF3C2 /* Pods-Wk1_FlixUITests.release.xcconfig */ = {isa = PBXFileReference; includeInIndex = 1; lastKnownFileType = text.xcconfig; name = "Pods-Wk1_FlixUITests.release.xcconfig"; path = "Pods/Target Support Files/Pods-Wk1_FlixUITests/Pods-Wk1_FlixUITests.release.xcconfig"; sourceTree = "<group>"; };
		F24CBD0A2032437700556D68 /* DetailViewController.swift */ = {isa = PBXFileReference; lastKnownFileType = sourcecode.swift; path = DetailViewController.swift; sourceTree = "<group>"; };
		F2CDA95E202868E300966FE3 /* Wk1_Flix.app */ = {isa = PBXFileReference; explicitFileType = wrapper.application; includeInIndex = 0; path = Wk1_Flix.app; sourceTree = BUILT_PRODUCTS_DIR; };
		F2CDA961202868E300966FE3 /* AppDelegate.swift */ = {isa = PBXFileReference; lastKnownFileType = sourcecode.swift; path = AppDelegate.swift; sourceTree = "<group>"; };
		F2CDA966202868E300966FE3 /* Base */ = {isa = PBXFileReference; lastKnownFileType = file.storyboard; name = Base; path = Base.lproj/Main.storyboard; sourceTree = "<group>"; };
		F2CDA968202868E300966FE3 /* Assets.xcassets */ = {isa = PBXFileReference; lastKnownFileType = folder.assetcatalog; path = Assets.xcassets; sourceTree = "<group>"; };
		F2CDA96B202868E300966FE3 /* Base */ = {isa = PBXFileReference; lastKnownFileType = file.storyboard; name = Base; path = Base.lproj/LaunchScreen.storyboard; sourceTree = "<group>"; };
		F2CDA96D202868E300966FE3 /* Info.plist */ = {isa = PBXFileReference; lastKnownFileType = text.plist.xml; path = Info.plist; sourceTree = "<group>"; };
		F2CDA972202868E300966FE3 /* Wk1_FlixTests.xctest */ = {isa = PBXFileReference; explicitFileType = wrapper.cfbundle; includeInIndex = 0; path = Wk1_FlixTests.xctest; sourceTree = BUILT_PRODUCTS_DIR; };
		F2CDA976202868E300966FE3 /* Wk1_FlixTests.swift */ = {isa = PBXFileReference; lastKnownFileType = sourcecode.swift; path = Wk1_FlixTests.swift; sourceTree = "<group>"; };
		F2CDA978202868E300966FE3 /* Info.plist */ = {isa = PBXFileReference; lastKnownFileType = text.plist.xml; path = Info.plist; sourceTree = "<group>"; };
		F2CDA97D202868E300966FE3 /* Wk1_FlixUITests.xctest */ = {isa = PBXFileReference; explicitFileType = wrapper.cfbundle; includeInIndex = 0; path = Wk1_FlixUITests.xctest; sourceTree = BUILT_PRODUCTS_DIR; };
		F2CDA981202868E300966FE3 /* Wk1_FlixUITests.swift */ = {isa = PBXFileReference; lastKnownFileType = sourcecode.swift; path = Wk1_FlixUITests.swift; sourceTree = "<group>"; };
		F2CDA983202868E300966FE3 /* Info.plist */ = {isa = PBXFileReference; lastKnownFileType = text.plist.xml; path = Info.plist; sourceTree = "<group>"; };
		F2CDA98F202900C600966FE3 /* NowPlayingViewController.swift */ = {isa = PBXFileReference; lastKnownFileType = sourcecode.swift; path = NowPlayingViewController.swift; sourceTree = "<group>"; };
		F2CDA99120290F4E00966FE3 /* MovieCell.swift */ = {isa = PBXFileReference; lastKnownFileType = sourcecode.swift; path = MovieCell.swift; sourceTree = "<group>"; };
		F2CDA993202937A400966FE3 /* PKHUD.framework */ = {isa = PBXFileReference; lastKnownFileType = wrapper.framework; name = PKHUD.framework; path = Carthage/Build/iOS/PKHUD.framework; sourceTree = "<group>"; };
/* End PBXFileReference section */

/* Begin PBXFrameworksBuildPhase section */
		F2CDA95B202868E300966FE3 /* Frameworks */ = {
			isa = PBXFrameworksBuildPhase;
			buildActionMask = 2147483647;
			files = (
				1B72EFBE6F59C83588F1254A /* Pods_Wk1_Flix.framework in Frameworks */,
				F2CDA994202937A500966FE3 /* PKHUD.framework in Frameworks */,
			);
			runOnlyForDeploymentPostprocessing = 0;
		};
		F2CDA96F202868E300966FE3 /* Frameworks */ = {
			isa = PBXFrameworksBuildPhase;
			buildActionMask = 2147483647;
			files = (
				4DFBA799D7BF5C13956E7EEB /* Pods_Wk1_FlixTests.framework in Frameworks */,
			);
			runOnlyForDeploymentPostprocessing = 0;
		};
		F2CDA97A202868E300966FE3 /* Frameworks */ = {
			isa = PBXFrameworksBuildPhase;
			buildActionMask = 2147483647;
			files = (
				9C7CCE6DC0C9766A44464E3A /* Pods_Wk1_FlixUITests.framework in Frameworks */,
			);
			runOnlyForDeploymentPostprocessing = 0;
		};
/* End PBXFrameworksBuildPhase section */

/* Begin PBXGroup section */
		2F43ED4DEE8789C983069E6A /* Frameworks */ = {
			isa = PBXGroup;
			children = (
				F2CDA993202937A400966FE3 /* PKHUD.framework */,
				2CE396370DC8518D90D8E12E /* Pods_Wk1_Flix.framework */,
				251129A41D7EB9CC79E71019 /* Pods_Wk1_FlixTests.framework */,
				58CF1EA59955216F0BCA9E62 /* Pods_Wk1_FlixUITests.framework */,
			);
			name = Frameworks;
			sourceTree = "<group>";
		};
		3D74D79F51C73F1943198AF5 /* Pods */ = {
			isa = PBXGroup;
			children = (
				592F73D44C42B05F42028F0F /* Pods-Wk1_Flix.debug.xcconfig */,
				23FF49E23471653209A91080 /* Pods-Wk1_Flix.release.xcconfig */,
				64F45B2C57210148CDCB473F /* Pods-Wk1_FlixTests.debug.xcconfig */,
				95765A5B81E1FEA3B9A1BCA0 /* Pods-Wk1_FlixTests.release.xcconfig */,
				9FF32B06466252365F702B29 /* Pods-Wk1_FlixUITests.debug.xcconfig */,
				BEA6CE1D51AE8C62CDCAF3C2 /* Pods-Wk1_FlixUITests.release.xcconfig */,
			);
			name = Pods;
			sourceTree = "<group>";
		};
		F24CBD082032432B00556D68 /* ViewControllers */ = {
			isa = PBXGroup;
			children = (
				F2CDA98F202900C600966FE3 /* NowPlayingViewController.swift */,
				F24CBD0A2032437700556D68 /* DetailViewController.swift */,
			);
			path = ViewControllers;
			sourceTree = "<group>";
		};
		F24CBD092032433600556D68 /* Views */ = {
			isa = PBXGroup;
			children = (
				F2CDA99120290F4E00966FE3 /* MovieCell.swift */,
			);
			path = Views;
			sourceTree = "<group>";
		};
		F2CDA955202868E300966FE3 = {
			isa = PBXGroup;
			children = (
				F2CDA960202868E300966FE3 /* Wk1_Flix */,
				F2CDA975202868E300966FE3 /* Wk1_FlixTests */,
				F2CDA980202868E300966FE3 /* Wk1_FlixUITests */,
				F2CDA95F202868E300966FE3 /* Products */,
				3D74D79F51C73F1943198AF5 /* Pods */,
				2F43ED4DEE8789C983069E6A /* Frameworks */,
			);
			sourceTree = "<group>";
		};
		F2CDA95F202868E300966FE3 /* Products */ = {
			isa = PBXGroup;
			children = (
				F2CDA95E202868E300966FE3 /* Wk1_Flix.app */,
				F2CDA972202868E300966FE3 /* Wk1_FlixTests.xctest */,
				F2CDA97D202868E300966FE3 /* Wk1_FlixUITests.xctest */,
			);
			name = Products;
			sourceTree = "<group>";
		};
		F2CDA960202868E300966FE3 /* Wk1_Flix */ = {
			isa = PBXGroup;
			children = (
				F24CBD092032433600556D68 /* Views */,
				F24CBD082032432B00556D68 /* ViewControllers */,
				F2CDA961202868E300966FE3 /* AppDelegate.swift */,
				F2CDA965202868E300966FE3 /* Main.storyboard */,
				F2CDA968202868E300966FE3 /* Assets.xcassets */,
				F2CDA96A202868E300966FE3 /* LaunchScreen.storyboard */,
				F2CDA96D202868E300966FE3 /* Info.plist */,
			);
			path = Wk1_Flix;
			sourceTree = "<group>";
		};
		F2CDA975202868E300966FE3 /* Wk1_FlixTests */ = {
			isa = PBXGroup;
			children = (
				F2CDA976202868E300966FE3 /* Wk1_FlixTests.swift */,
				F2CDA978202868E300966FE3 /* Info.plist */,
			);
			path = Wk1_FlixTests;
			sourceTree = "<group>";
		};
		F2CDA980202868E300966FE3 /* Wk1_FlixUITests */ = {
			isa = PBXGroup;
			children = (
				F2CDA981202868E300966FE3 /* Wk1_FlixUITests.swift */,
				F2CDA983202868E300966FE3 /* Info.plist */,
			);
			path = Wk1_FlixUITests;
			sourceTree = "<group>";
		};
/* End PBXGroup section */

/* Begin PBXNativeTarget section */
		F2CDA95D202868E300966FE3 /* Wk1_Flix */ = {
			isa = PBXNativeTarget;
			buildConfigurationList = F2CDA986202868E300966FE3 /* Build configuration list for PBXNativeTarget "Wk1_Flix" */;
			buildPhases = (
				DB701464E0056322062FBBE6 /* [CP] Check Pods Manifest.lock */,
				F2CDA95A202868E300966FE3 /* Sources */,
				F2CDA95B202868E300966FE3 /* Frameworks */,
				F2CDA95C202868E300966FE3 /* Resources */,
				47605C5ED318C9243201DABD /* [CP] Embed Pods Frameworks */,
				B26995E02FF10AC552F47146 /* [CP] Copy Pods Resources */,
				F2CDA995202937D000966FE3 /* ShellScript */,
			);
			buildRules = (
			);
			dependencies = (
			);
			name = Wk1_Flix;
			productName = Wk1_Flix;
			productReference = F2CDA95E202868E300966FE3 /* Wk1_Flix.app */;
			productType = "com.apple.product-type.application";
		};
		F2CDA971202868E300966FE3 /* Wk1_FlixTests */ = {
			isa = PBXNativeTarget;
			buildConfigurationList = F2CDA989202868E300966FE3 /* Build configuration list for PBXNativeTarget "Wk1_FlixTests" */;
			buildPhases = (
				83F04751F734C7D161251769 /* [CP] Check Pods Manifest.lock */,
				F2CDA96E202868E300966FE3 /* Sources */,
				F2CDA96F202868E300966FE3 /* Frameworks */,
				F2CDA970202868E300966FE3 /* Resources */,
				54805D719F5A1AF52FFCFA0B /* [CP] Embed Pods Frameworks */,
				BC6D81AF971FAEB5D6596381 /* [CP] Copy Pods Resources */,
			);
			buildRules = (
			);
			dependencies = (
				F2CDA974202868E300966FE3 /* PBXTargetDependency */,
			);
			name = Wk1_FlixTests;
			productName = Wk1_FlixTests;
			productReference = F2CDA972202868E300966FE3 /* Wk1_FlixTests.xctest */;
			productType = "com.apple.product-type.bundle.unit-test";
		};
		F2CDA97C202868E300966FE3 /* Wk1_FlixUITests */ = {
			isa = PBXNativeTarget;
			buildConfigurationList = F2CDA98C202868E300966FE3 /* Build configuration list for PBXNativeTarget "Wk1_FlixUITests" */;
			buildPhases = (
				22CF6CAA48C8B754F2820073 /* [CP] Check Pods Manifest.lock */,
				F2CDA979202868E300966FE3 /* Sources */,
				F2CDA97A202868E300966FE3 /* Frameworks */,
				F2CDA97B202868E300966FE3 /* Resources */,
				9B0C5793BDE9921B49CA180A /* [CP] Embed Pods Frameworks */,
				90AA3573BC780C0311566AE4 /* [CP] Copy Pods Resources */,
			);
			buildRules = (
			);
			dependencies = (
				F2CDA97F202868E300966FE3 /* PBXTargetDependency */,
			);
			name = Wk1_FlixUITests;
			productName = Wk1_FlixUITests;
			productReference = F2CDA97D202868E300966FE3 /* Wk1_FlixUITests.xctest */;
			productType = "com.apple.product-type.bundle.ui-testing";
		};
/* End PBXNativeTarget section */

/* Begin PBXProject section */
		F2CDA956202868E300966FE3 /* Project object */ = {
			isa = PBXProject;
			attributes = {
				LastSwiftUpdateCheck = 0920;
				LastUpgradeCheck = 0920;
				ORGANIZATIONNAME = "German Flores";
				TargetAttributes = {
					F2CDA95D202868E300966FE3 = {
						CreatedOnToolsVersion = 9.2;
						ProvisioningStyle = Automatic;
					};
					F2CDA971202868E300966FE3 = {
						CreatedOnToolsVersion = 9.2;
						ProvisioningStyle = Automatic;
						TestTargetID = F2CDA95D202868E300966FE3;
					};
					F2CDA97C202868E300966FE3 = {
						CreatedOnToolsVersion = 9.2;
						ProvisioningStyle = Automatic;
						TestTargetID = F2CDA95D202868E300966FE3;
					};
				};
			};
			buildConfigurationList = F2CDA959202868E300966FE3 /* Build configuration list for PBXProject "Wk1_Flix" */;
			compatibilityVersion = "Xcode 8.0";
			developmentRegion = en;
			hasScannedForEncodings = 0;
			knownRegions = (
				en,
				Base,
			);
			mainGroup = F2CDA955202868E300966FE3;
			productRefGroup = F2CDA95F202868E300966FE3 /* Products */;
			projectDirPath = "";
			projectRoot = "";
			targets = (
				F2CDA95D202868E300966FE3 /* Wk1_Flix */,
				F2CDA971202868E300966FE3 /* Wk1_FlixTests */,
				F2CDA97C202868E300966FE3 /* Wk1_FlixUITests */,
			);
		};
/* End PBXProject section */

/* Begin PBXResourcesBuildPhase section */
		F2CDA95C202868E300966FE3 /* Resources */ = {
			isa = PBXResourcesBuildPhase;
			buildActionMask = 2147483647;
			files = (
				F2CDA96C202868E300966FE3 /* LaunchScreen.storyboard in Resources */,
				F2CDA969202868E300966FE3 /* Assets.xcassets in Resources */,
				F2CDA967202868E300966FE3 /* Main.storyboard in Resources */,
			);
			runOnlyForDeploymentPostprocessing = 0;
		};
		F2CDA970202868E300966FE3 /* Resources */ = {
			isa = PBXResourcesBuildPhase;
			buildActionMask = 2147483647;
			files = (
			);
			runOnlyForDeploymentPostprocessing = 0;
		};
		F2CDA97B202868E300966FE3 /* Resources */ = {
			isa = PBXResourcesBuildPhase;
			buildActionMask = 2147483647;
			files = (
			);
			runOnlyForDeploymentPostprocessing = 0;
		};
/* End PBXResourcesBuildPhase section */

/* Begin PBXShellScriptBuildPhase section */
		22CF6CAA48C8B754F2820073 /* [CP] Check Pods Manifest.lock */ = {
			isa = PBXShellScriptBuildPhase;
			buildActionMask = 2147483647;
			files = (
			);
			inputPaths = (
				"${PODS_PODFILE_DIR_PATH}/Podfile.lock",
				"${PODS_ROOT}/Manifest.lock",
			);
			name = "[CP] Check Pods Manifest.lock";
			outputPaths = (
				"$(DERIVED_FILE_DIR)/Pods-Wk1_FlixUITests-checkManifestLockResult.txt",
			);
			runOnlyForDeploymentPostprocessing = 0;
			shellPath = /bin/sh;
			shellScript = "diff \"${PODS_PODFILE_DIR_PATH}/Podfile.lock\" \"${PODS_ROOT}/Manifest.lock\" > /dev/null\nif [ $? != 0 ] ; then\n    # print error to STDERR\n    echo \"error: The sandbox is not in sync with the Podfile.lock. Run 'pod install' or update your CocoaPods installation.\" >&2\n    exit 1\nfi\n# This output is used by Xcode 'outputs' to avoid re-running this script phase.\necho \"SUCCESS\" > \"${SCRIPT_OUTPUT_FILE_0}\"\n";
			showEnvVarsInLog = 0;
		};
		47605C5ED318C9243201DABD /* [CP] Embed Pods Frameworks */ = {
			isa = PBXShellScriptBuildPhase;
			buildActionMask = 2147483647;
			files = (
			);
			inputPaths = (
				"${SRCROOT}/Pods/Target Support Files/Pods-Wk1_Flix/Pods-Wk1_Flix-frameworks.sh",
				"${BUILT_PRODUCTS_DIR}/Alamofire/Alamofire.framework",
				"${BUILT_PRODUCTS_DIR}/AlamofireImage/AlamofireImage.framework",
			);
			name = "[CP] Embed Pods Frameworks";
			outputPaths = (
				"${TARGET_BUILD_DIR}/${FRAMEWORKS_FOLDER_PATH}/Alamofire.framework",
				"${TARGET_BUILD_DIR}/${FRAMEWORKS_FOLDER_PATH}/AlamofireImage.framework",
			);
			runOnlyForDeploymentPostprocessing = 0;
			shellPath = /bin/sh;
			shellScript = "\"${SRCROOT}/Pods/Target Support Files/Pods-Wk1_Flix/Pods-Wk1_Flix-frameworks.sh\"\n";
			showEnvVarsInLog = 0;
		};
		54805D719F5A1AF52FFCFA0B /* [CP] Embed Pods Frameworks */ = {
			isa = PBXShellScriptBuildPhase;
			buildActionMask = 2147483647;
			files = (
			);
			inputPaths = (
			);
			name = "[CP] Embed Pods Frameworks";
			outputPaths = (
			);
			runOnlyForDeploymentPostprocessing = 0;
			shellPath = /bin/sh;
			shellScript = "\"${SRCROOT}/Pods/Target Support Files/Pods-Wk1_FlixTests/Pods-Wk1_FlixTests-frameworks.sh\"\n";
			showEnvVarsInLog = 0;
		};
		83F04751F734C7D161251769 /* [CP] Check Pods Manifest.lock */ = {
			isa = PBXShellScriptBuildPhase;
			buildActionMask = 2147483647;
			files = (
			);
			inputPaths = (
				"${PODS_PODFILE_DIR_PATH}/Podfile.lock",
				"${PODS_ROOT}/Manifest.lock",
			);
			name = "[CP] Check Pods Manifest.lock";
			outputPaths = (
				"$(DERIVED_FILE_DIR)/Pods-Wk1_FlixTests-checkManifestLockResult.txt",
			);
			runOnlyForDeploymentPostprocessing = 0;
			shellPath = /bin/sh;
			shellScript = "diff \"${PODS_PODFILE_DIR_PATH}/Podfile.lock\" \"${PODS_ROOT}/Manifest.lock\" > /dev/null\nif [ $? != 0 ] ; then\n    # print error to STDERR\n    echo \"error: The sandbox is not in sync with the Podfile.lock. Run 'pod install' or update your CocoaPods installation.\" >&2\n    exit 1\nfi\n# This output is used by Xcode 'outputs' to avoid re-running this script phase.\necho \"SUCCESS\" > \"${SCRIPT_OUTPUT_FILE_0}\"\n";
			showEnvVarsInLog = 0;
		};
		90AA3573BC780C0311566AE4 /* [CP] Copy Pods Resources */ = {
			isa = PBXShellScriptBuildPhase;
			buildActionMask = 2147483647;
			files = (
			);
			inputPaths = (
			);
			name = "[CP] Copy Pods Resources";
			outputPaths = (
			);
			runOnlyForDeploymentPostprocessing = 0;
			shellPath = /bin/sh;
			shellScript = "\"${SRCROOT}/Pods/Target Support Files/Pods-Wk1_FlixUITests/Pods-Wk1_FlixUITests-resources.sh\"\n";
			showEnvVarsInLog = 0;
		};
		9B0C5793BDE9921B49CA180A /* [CP] Embed Pods Frameworks */ = {
			isa = PBXShellScriptBuildPhase;
			buildActionMask = 2147483647;
			files = (
			);
			inputPaths = (
			);
			name = "[CP] Embed Pods Frameworks";
			outputPaths = (
			);
			runOnlyForDeploymentPostprocessing = 0;
			shellPath = /bin/sh;
			shellScript = "\"${SRCROOT}/Pods/Target Support Files/Pods-Wk1_FlixUITests/Pods-Wk1_FlixUITests-frameworks.sh\"\n";
			showEnvVarsInLog = 0;
		};
		B26995E02FF10AC552F47146 /* [CP] Copy Pods Resources */ = {
			isa = PBXShellScriptBuildPhase;
			buildActionMask = 2147483647;
			files = (
			);
			inputPaths = (
			);
			name = "[CP] Copy Pods Resources";
			outputPaths = (
			);
			runOnlyForDeploymentPostprocessing = 0;
			shellPath = /bin/sh;
			shellScript = "\"${SRCROOT}/Pods/Target Support Files/Pods-Wk1_Flix/Pods-Wk1_Flix-resources.sh\"\n";
			showEnvVarsInLog = 0;
		};
		BC6D81AF971FAEB5D6596381 /* [CP] Copy Pods Resources */ = {
			isa = PBXShellScriptBuildPhase;
			buildActionMask = 2147483647;
			files = (
			);
			inputPaths = (
			);
			name = "[CP] Copy Pods Resources";
			outputPaths = (
			);
			runOnlyForDeploymentPostprocessing = 0;
			shellPath = /bin/sh;
			shellScript = "\"${SRCROOT}/Pods/Target Support Files/Pods-Wk1_FlixTests/Pods-Wk1_FlixTests-resources.sh\"\n";
			showEnvVarsInLog = 0;
		};
		DB701464E0056322062FBBE6 /* [CP] Check Pods Manifest.lock */ = {
			isa = PBXShellScriptBuildPhase;
			buildActionMask = 2147483647;
			files = (
			);
			inputPaths = (
				"${PODS_PODFILE_DIR_PATH}/Podfile.lock",
				"${PODS_ROOT}/Manifest.lock",
			);
			name = "[CP] Check Pods Manifest.lock";
			outputPaths = (
				"$(DERIVED_FILE_DIR)/Pods-Wk1_Flix-checkManifestLockResult.txt",
			);
			runOnlyForDeploymentPostprocessing = 0;
			shellPath = /bin/sh;
			shellScript = "diff \"${PODS_PODFILE_DIR_PATH}/Podfile.lock\" \"${PODS_ROOT}/Manifest.lock\" > /dev/null\nif [ $? != 0 ] ; then\n    # print error to STDERR\n    echo \"error: The sandbox is not in sync with the Podfile.lock. Run 'pod install' or update your CocoaPods installation.\" >&2\n    exit 1\nfi\n# This output is used by Xcode 'outputs' to avoid re-running this script phase.\necho \"SUCCESS\" > \"${SCRIPT_OUTPUT_FILE_0}\"\n";
			showEnvVarsInLog = 0;
		};
		F2CDA995202937D000966FE3 /* ShellScript */ = {
			isa = PBXShellScriptBuildPhase;
			buildActionMask = 2147483647;
			files = (
			);
			inputPaths = (
				"$(SRCROOT)/Carthage/Build/iOS/PKHUD.framework",
			);
			outputPaths = (
			);
			runOnlyForDeploymentPostprocessing = 0;
			shellPath = /bin/sh;
			shellScript = "/usr/local/bin/carthage copy-frameworks";
		};
/* End PBXShellScriptBuildPhase section */

/* Begin PBXSourcesBuildPhase section */
		F2CDA95A202868E300966FE3 /* Sources */ = {
			isa = PBXSourcesBuildPhase;
			buildActionMask = 2147483647;
			files = (
				F2CDA990202900C600966FE3 /* NowPlayingViewController.swift in Sources */,
				F2CDA962202868E300966FE3 /* AppDelegate.swift in Sources */,
				F2CDA99220290F4E00966FE3 /* MovieCell.swift in Sources */,
				F24CBD0B2032437700556D68 /* DetailViewController.swift in Sources */,
			);
			runOnlyForDeploymentPostprocessing = 0;
		};
		F2CDA96E202868E300966FE3 /* Sources */ = {
			isa = PBXSourcesBuildPhase;
			buildActionMask = 2147483647;
			files = (
				F2CDA977202868E300966FE3 /* Wk1_FlixTests.swift in Sources */,
			);
			runOnlyForDeploymentPostprocessing = 0;
		};
		F2CDA979202868E300966FE3 /* Sources */ = {
			isa = PBXSourcesBuildPhase;
			buildActionMask = 2147483647;
			files = (
				F2CDA982202868E300966FE3 /* Wk1_FlixUITests.swift in Sources */,
			);
			runOnlyForDeploymentPostprocessing = 0;
		};
/* End PBXSourcesBuildPhase section */

/* Begin PBXTargetDependency section */
		F2CDA974202868E300966FE3 /* PBXTargetDependency */ = {
			isa = PBXTargetDependency;
			target = F2CDA95D202868E300966FE3 /* Wk1_Flix */;
			targetProxy = F2CDA973202868E300966FE3 /* PBXContainerItemProxy */;
		};
		F2CDA97F202868E300966FE3 /* PBXTargetDependency */ = {
			isa = PBXTargetDependency;
			target = F2CDA95D202868E300966FE3 /* Wk1_Flix */;
			targetProxy = F2CDA97E202868E300966FE3 /* PBXContainerItemProxy */;
		};
/* End PBXTargetDependency section */

/* Begin PBXVariantGroup section */
		F2CDA965202868E300966FE3 /* Main.storyboard */ = {
			isa = PBXVariantGroup;
			children = (
				F2CDA966202868E300966FE3 /* Base */,
			);
			name = Main.storyboard;
			sourceTree = "<group>";
		};
		F2CDA96A202868E300966FE3 /* LaunchScreen.storyboard */ = {
			isa = PBXVariantGroup;
			children = (
				F2CDA96B202868E300966FE3 /* Base */,
			);
			name = LaunchScreen.storyboard;
			sourceTree = "<group>";
		};
/* End PBXVariantGroup section */

/* Begin XCBuildConfiguration section */
		F2CDA984202868E300966FE3 /* Debug */ = {
			isa = XCBuildConfiguration;
			buildSettings = {
				ALWAYS_SEARCH_USER_PATHS = NO;
				CLANG_ANALYZER_NONNULL = YES;
				CLANG_ANALYZER_NUMBER_OBJECT_CONVERSION = YES_AGGRESSIVE;
				CLANG_CXX_LANGUAGE_STANDARD = "gnu++14";
				CLANG_CXX_LIBRARY = "libc++";
				CLANG_ENABLE_MODULES = YES;
				CLANG_ENABLE_OBJC_ARC = YES;
				CLANG_WARN_BLOCK_CAPTURE_AUTORELEASING = YES;
				CLANG_WARN_BOOL_CONVERSION = YES;
				CLANG_WARN_COMMA = YES;
				CLANG_WARN_CONSTANT_CONVERSION = YES;
				CLANG_WARN_DIRECT_OBJC_ISA_USAGE = YES_ERROR;
				CLANG_WARN_DOCUMENTATION_COMMENTS = YES;
				CLANG_WARN_EMPTY_BODY = YES;
				CLANG_WARN_ENUM_CONVERSION = YES;
				CLANG_WARN_INFINITE_RECURSION = YES;
				CLANG_WARN_INT_CONVERSION = YES;
				CLANG_WARN_NON_LITERAL_NULL_CONVERSION = YES;
				CLANG_WARN_OBJC_LITERAL_CONVERSION = YES;
				CLANG_WARN_OBJC_ROOT_CLASS = YES_ERROR;
				CLANG_WARN_RANGE_LOOP_ANALYSIS = YES;
				CLANG_WARN_STRICT_PROTOTYPES = YES;
				CLANG_WARN_SUSPICIOUS_MOVE = YES;
				CLANG_WARN_UNGUARDED_AVAILABILITY = YES_AGGRESSIVE;
				CLANG_WARN_UNREACHABLE_CODE = YES;
				CLANG_WARN__DUPLICATE_METHOD_MATCH = YES;
				CODE_SIGN_IDENTITY = "iPhone Developer";
				COPY_PHASE_STRIP = NO;
				DEBUG_INFORMATION_FORMAT = dwarf;
				ENABLE_STRICT_OBJC_MSGSEND = YES;
				ENABLE_TESTABILITY = YES;
				GCC_C_LANGUAGE_STANDARD = gnu11;
				GCC_DYNAMIC_NO_PIC = NO;
				GCC_NO_COMMON_BLOCKS = YES;
				GCC_OPTIMIZATION_LEVEL = 0;
				GCC_PREPROCESSOR_DEFINITIONS = (
					"DEBUG=1",
					"$(inherited)",
				);
				GCC_WARN_64_TO_32_BIT_CONVERSION = YES;
				GCC_WARN_ABOUT_RETURN_TYPE = YES_ERROR;
				GCC_WARN_UNDECLARED_SELECTOR = YES;
				GCC_WARN_UNINITIALIZED_AUTOS = YES_AGGRESSIVE;
				GCC_WARN_UNUSED_FUNCTION = YES;
				GCC_WARN_UNUSED_VARIABLE = YES;
				IPHONEOS_DEPLOYMENT_TARGET = 11.2;
				MTL_ENABLE_DEBUG_INFO = YES;
				ONLY_ACTIVE_ARCH = YES;
				SDKROOT = iphoneos;
				SWIFT_ACTIVE_COMPILATION_CONDITIONS = DEBUG;
				SWIFT_OPTIMIZATION_LEVEL = "-Onone";
			};
			name = Debug;
		};
		F2CDA985202868E300966FE3 /* Release */ = {
			isa = XCBuildConfiguration;
			buildSettings = {
				ALWAYS_SEARCH_USER_PATHS = NO;
				CLANG_ANALYZER_NONNULL = YES;
				CLANG_ANALYZER_NUMBER_OBJECT_CONVERSION = YES_AGGRESSIVE;
				CLANG_CXX_LANGUAGE_STANDARD = "gnu++14";
				CLANG_CXX_LIBRARY = "libc++";
				CLANG_ENABLE_MODULES = YES;
				CLANG_ENABLE_OBJC_ARC = YES;
				CLANG_WARN_BLOCK_CAPTURE_AUTORELEASING = YES;
				CLANG_WARN_BOOL_CONVERSION = YES;
				CLANG_WARN_COMMA = YES;
				CLANG_WARN_CONSTANT_CONVERSION = YES;
				CLANG_WARN_DIRECT_OBJC_ISA_USAGE = YES_ERROR;
				CLANG_WARN_DOCUMENTATION_COMMENTS = YES;
				CLANG_WARN_EMPTY_BODY = YES;
				CLANG_WARN_ENUM_CONVERSION = YES;
				CLANG_WARN_INFINITE_RECURSION = YES;
				CLANG_WARN_INT_CONVERSION = YES;
				CLANG_WARN_NON_LITERAL_NULL_CONVERSION = YES;
				CLANG_WARN_OBJC_LITERAL_CONVERSION = YES;
				CLANG_WARN_OBJC_ROOT_CLASS = YES_ERROR;
				CLANG_WARN_RANGE_LOOP_ANALYSIS = YES;
				CLANG_WARN_STRICT_PROTOTYPES = YES;
				CLANG_WARN_SUSPICIOUS_MOVE = YES;
				CLANG_WARN_UNGUARDED_AVAILABILITY = YES_AGGRESSIVE;
				CLANG_WARN_UNREACHABLE_CODE = YES;
				CLANG_WARN__DUPLICATE_METHOD_MATCH = YES;
				CODE_SIGN_IDENTITY = "iPhone Developer";
				COPY_PHASE_STRIP = NO;
				DEBUG_INFORMATION_FORMAT = "dwarf-with-dsym";
				ENABLE_NS_ASSERTIONS = NO;
				ENABLE_STRICT_OBJC_MSGSEND = YES;
				GCC_C_LANGUAGE_STANDARD = gnu11;
				GCC_NO_COMMON_BLOCKS = YES;
				GCC_WARN_64_TO_32_BIT_CONVERSION = YES;
				GCC_WARN_ABOUT_RETURN_TYPE = YES_ERROR;
				GCC_WARN_UNDECLARED_SELECTOR = YES;
				GCC_WARN_UNINITIALIZED_AUTOS = YES_AGGRESSIVE;
				GCC_WARN_UNUSED_FUNCTION = YES;
				GCC_WARN_UNUSED_VARIABLE = YES;
				IPHONEOS_DEPLOYMENT_TARGET = 11.2;
				MTL_ENABLE_DEBUG_INFO = NO;
				SDKROOT = iphoneos;
				SWIFT_OPTIMIZATION_LEVEL = "-Owholemodule";
				VALIDATE_PRODUCT = YES;
			};
			name = Release;
		};
		F2CDA987202868E300966FE3 /* Debug */ = {
			isa = XCBuildConfiguration;
			baseConfigurationReference = 592F73D44C42B05F42028F0F /* Pods-Wk1_Flix.debug.xcconfig */;
			buildSettings = {
				ASSETCATALOG_COMPILER_APPICON_NAME = AppIcon;
				CODE_SIGN_STYLE = Automatic;
				DEVELOPMENT_TEAM = "";
				FRAMEWORK_SEARCH_PATHS = (
					"$(inherited)",
					"$(PROJECT_DIR)/Carthage/Build/iOS",
				);
				INFOPLIST_FILE = Wk1_Flix/Info.plist;
				LD_RUNPATH_SEARCH_PATHS = "$(inherited) @executable_path/Frameworks";
				PRODUCT_BUNDLE_IDENTIFIER = "www.Wk1-Flix";
				PRODUCT_NAME = "$(TARGET_NAME)";
				SWIFT_VERSION = 4.0;
				TARGETED_DEVICE_FAMILY = "1,2";
			};
			name = Debug;
		};
		F2CDA988202868E300966FE3 /* Release */ = {
			isa = XCBuildConfiguration;
			baseConfigurationReference = 23FF49E23471653209A91080 /* Pods-Wk1_Flix.release.xcconfig */;
			buildSettings = {
				ASSETCATALOG_COMPILER_APPICON_NAME = AppIcon;
				CODE_SIGN_STYLE = Automatic;
				DEVELOPMENT_TEAM = "";
				FRAMEWORK_SEARCH_PATHS = (
					"$(inherited)",
					"$(PROJECT_DIR)/Carthage/Build/iOS",
				);
				INFOPLIST_FILE = Wk1_Flix/Info.plist;
				LD_RUNPATH_SEARCH_PATHS = "$(inherited) @executable_path/Frameworks";
				PRODUCT_BUNDLE_IDENTIFIER = "www.Wk1-Flix";
				PRODUCT_NAME = "$(TARGET_NAME)";
				SWIFT_VERSION = 4.0;
				TARGETED_DEVICE_FAMILY = "1,2";
			};
			name = Release;
		};
		F2CDA98A202868E300966FE3 /* Debug */ = {
			isa = XCBuildConfiguration;
			baseConfigurationReference = 64F45B2C57210148CDCB473F /* Pods-Wk1_FlixTests.debug.xcconfig */;
			buildSettings = {
				ALWAYS_EMBED_SWIFT_STANDARD_LIBRARIES = YES;
				BUNDLE_LOADER = "$(TEST_HOST)";
				CODE_SIGN_STYLE = Automatic;
				INFOPLIST_FILE = Wk1_FlixTests/Info.plist;
				LD_RUNPATH_SEARCH_PATHS = "$(inherited) @executable_path/Frameworks @loader_path/Frameworks";
				PRODUCT_BUNDLE_IDENTIFIER = "www.Wk1-FlixTests";
				PRODUCT_NAME = "$(TARGET_NAME)";
				SWIFT_VERSION = 4.0;
				TARGETED_DEVICE_FAMILY = "1,2";
				TEST_HOST = "$(BUILT_PRODUCTS_DIR)/Wk1_Flix.app/Wk1_Flix";
			};
			name = Debug;
		};
		F2CDA98B202868E300966FE3 /* Release */ = {
			isa = XCBuildConfiguration;
			baseConfigurationReference = 95765A5B81E1FEA3B9A1BCA0 /* Pods-Wk1_FlixTests.release.xcconfig */;
			buildSettings = {
				ALWAYS_EMBED_SWIFT_STANDARD_LIBRARIES = YES;
				BUNDLE_LOADER = "$(TEST_HOST)";
				CODE_SIGN_STYLE = Automatic;
				INFOPLIST_FILE = Wk1_FlixTests/Info.plist;
				LD_RUNPATH_SEARCH_PATHS = "$(inherited) @executable_path/Frameworks @loader_path/Frameworks";
				PRODUCT_BUNDLE_IDENTIFIER = "www.Wk1-FlixTests";
				PRODUCT_NAME = "$(TARGET_NAME)";
				SWIFT_VERSION = 4.0;
				TARGETED_DEVICE_FAMILY = "1,2";
				TEST_HOST = "$(BUILT_PRODUCTS_DIR)/Wk1_Flix.app/Wk1_Flix";
			};
			name = Release;
		};
		F2CDA98D202868E300966FE3 /* Debug */ = {
			isa = XCBuildConfiguration;
			baseConfigurationReference = 9FF32B06466252365F702B29 /* Pods-Wk1_FlixUITests.debug.xcconfig */;
			buildSettings = {
				ALWAYS_EMBED_SWIFT_STANDARD_LIBRARIES = YES;
				CODE_SIGN_STYLE = Automatic;
				INFOPLIST_FILE = Wk1_FlixUITests/Info.plist;
				LD_RUNPATH_SEARCH_PATHS = "$(inherited) @executable_path/Frameworks @loader_path/Frameworks";
				PRODUCT_BUNDLE_IDENTIFIER = "www.Wk1-FlixUITests";
				PRODUCT_NAME = "$(TARGET_NAME)";
				SWIFT_VERSION = 4.0;
				TARGETED_DEVICE_FAMILY = "1,2";
				TEST_TARGET_NAME = Wk1_Flix;
			};
			name = Debug;
		};
		F2CDA98E202868E300966FE3 /* Release */ = {
			isa = XCBuildConfiguration;
			baseConfigurationReference = BEA6CE1D51AE8C62CDCAF3C2 /* Pods-Wk1_FlixUITests.release.xcconfig */;
			buildSettings = {
				ALWAYS_EMBED_SWIFT_STANDARD_LIBRARIES = YES;
				CODE_SIGN_STYLE = Automatic;
				INFOPLIST_FILE = Wk1_FlixUITests/Info.plist;
				LD_RUNPATH_SEARCH_PATHS = "$(inherited) @executable_path/Frameworks @loader_path/Frameworks";
				PRODUCT_BUNDLE_IDENTIFIER = "www.Wk1-FlixUITests";
				PRODUCT_NAME = "$(TARGET_NAME)";
				SWIFT_VERSION = 4.0;
				TARGETED_DEVICE_FAMILY = "1,2";
				TEST_TARGET_NAME = Wk1_Flix;
			};
			name = Release;
		};
/* End XCBuildConfiguration section */

/* Begin XCConfigurationList section */
		F2CDA959202868E300966FE3 /* Build configuration list for PBXProject "Wk1_Flix" */ = {
			isa = XCConfigurationList;
			buildConfigurations = (
				F2CDA984202868E300966FE3 /* Debug */,
				F2CDA985202868E300966FE3 /* Release */,
			);
			defaultConfigurationIsVisible = 0;
			defaultConfigurationName = Release;
		};
		F2CDA986202868E300966FE3 /* Build configuration list for PBXNativeTarget "Wk1_Flix" */ = {
			isa = XCConfigurationList;
			buildConfigurations = (
				F2CDA987202868E300966FE3 /* Debug */,
				F2CDA988202868E300966FE3 /* Release */,
			);
			defaultConfigurationIsVisible = 0;
			defaultConfigurationName = Release;
		};
		F2CDA989202868E300966FE3 /* Build configuration list for PBXNativeTarget "Wk1_FlixTests" */ = {
			isa = XCConfigurationList;
			buildConfigurations = (
				F2CDA98A202868E300966FE3 /* Debug */,
				F2CDA98B202868E300966FE3 /* Release */,
			);
			defaultConfigurationIsVisible = 0;
			defaultConfigurationName = Release;
		};
		F2CDA98C202868E300966FE3 /* Build configuration list for PBXNativeTarget "Wk1_FlixUITests" */ = {
			isa = XCConfigurationList;
			buildConfigurations = (
				F2CDA98D202868E300966FE3 /* Debug */,
				F2CDA98E202868E300966FE3 /* Release */,
			);
			defaultConfigurationIsVisible = 0;
			defaultConfigurationName = Release;
		};
/* End XCConfigurationList section */
	};
	rootObject = F2CDA956202868E300966FE3 /* Project object */;
}
